
Microsoft Visual Studio Solution File, Format Version 12.00
Project("{FAE04EC0-301F-11D3-BF4B-00C04F79EFBC}") = "LMGTech.DotNetPostal", "src\LMGTech.DotNetPostal\LMGTech.DotNetPostal.csproj", "{8408A67D-AEA6-4394-8943-1EBFA73A0655}"
EndProject
Project("{FAE04EC0-301F-11D3-BF4B-00C04F79EFBC}") = "LMGTech.DotNetPostal.Tests", "tests\LMGTech.DotNetPostal.Tests\LMGTech.DotNetPostal.Tests.csproj", "{C0C7C05F-6219-4559-A25C-48C0ABC9EF83}"
EndProject
Project("{FAE04EC0-301F-11D3-BF4B-00C04F79EFBC}") = "LMGTech.DotNetPostal.NuGet.Tests", "tests\LMGTech.DotNetPostal.NuGet.Tests\LMGTech.DotNetPostal.NuGet.Tests.csproj", "{8CE88508-2A1E-4C42-A2E3-2FDC1A5EA580}"
EndProject
Global
	GlobalSection(SolutionConfigurationPlatforms) = preSolution
		Debug|Any CPU = Debug|Any CPU
		Release|Any CPU = Release|Any CPU
	EndGlobalSection
	GlobalSection(ProjectConfigurationPlatforms) = postSolution
		{8408A67D-AEA6-4394-8943-1EBFA73A0655}.Debug|Any CPU.ActiveCfg = Debug|Any CPU
		{8408A67D-AEA6-4394-8943-1EBFA73A0655}.Debug|Any CPU.Build.0 = Debug|Any CPU
		{8408A67D-AEA6-4394-8943-1EBFA73A0655}.Release|Any CPU.ActiveCfg = Release|Any CPU
		{8408A67D-AEA6-4394-8943-1EBFA73A0655}.Release|Any CPU.Build.0 = Release|Any CPU
		{C0C7C05F-6219-4559-A25C-48C0ABC9EF83}.Debug|Any CPU.ActiveCfg = Debug|Any CPU
		{C0C7C05F-6219-4559-A25C-48C0ABC9EF83}.Debug|Any CPU.Build.0 = Debug|Any CPU
		{C0C7C05F-6219-4559-A25C-48C0ABC9EF83}.Release|Any CPU.ActiveCfg = Release|Any CPU
		{C0C7C05F-6219-4559-A25C-48C0ABC9EF83}.Release|Any CPU.Build.0 = Release|Any CPU
		{8CE88508-2A1E-4C42-A2E3-2FDC1A5EA580}.Debug|Any CPU.ActiveCfg = Debug|Any CPU
		{8CE88508-2A1E-4C42-A2E3-2FDC1A5EA580}.Debug|Any CPU.Build.0 = Debug|Any CPU
		{8CE88508-2A1E-4C42-A2E3-2FDC1A5EA580}.Release|Any CPU.ActiveCfg = Release|Any CPU
		{8CE88508-2A1E-4C42-A2E3-2FDC1A5EA580}.Release|Any CPU.Build.0 = Release|Any CPU
	EndGlobalSection
EndGlobal
